
Microsoft Visual Studio Solution File, Format Version 12.00
# Visual Studio Version 17
VisualStudioVersion = 17.0.31912.275
MinimumVisualStudioVersion = 10.0.40219.1
Project("{9A19103F-16F7-4668-BE54-9A1E7A4F7556}") = "DataLayer", "DataLayer\DataLayer.csproj", "{0C359DA3-4E15-4515-9623-0EF72ACD03A9}"
EndProject
Project("{9A19103F-16F7-4668-BE54-9A1E7A4F7556}") = "AspMVC", "AspMVC\AspMVC.csproj", "{2F32EA08-8D48-476E-9079-802F488EBCB3}"
EndProject
Project("{2150E333-8FDC-42A3-9474-1A3956D46DE8}") = "Solution Items", "Solution Items", "{6EBC0833-37FF-47C1-A5E0-BA3AA13804FB}"
	ProjectSection(SolutionItems) = preProject
		.editorconfig = .editorconfig
	EndProjectSection
EndProject
Project("{9A19103F-16F7-4668-BE54-9A1E7A4F7556}") = "AspAPI", "AspAPI\AspAPI.csproj", "{2A56DB7D-FBF6-4985-9B0A-1EA9E1277D25}"
EndProject
Project("{9A19103F-16F7-4668-BE54-9A1E7A4F7556}") = "DTO", "DTO\DTO.csproj", "{D2C5F5BE-6117-4288-82B7-CE2D6CDD013D}"
EndProject
Project("{FAE04EC0-301F-11D3-BF4B-00C04F79EFBC}") = "AspMVC.Test", "AspMVC.Test\AspMVC.Test.csproj", "{BB282D6D-36A7-40BC-A6F3-11EBDE2641A9}"
EndProject
Global
	GlobalSection(SolutionConfigurationPlatforms) = preSolution
		Debug|Any CPU = Debug|Any CPU
		Release|Any CPU = Release|Any CPU
	EndGlobalSection
	GlobalSection(ProjectConfigurationPlatforms) = postSolution
		{0C359DA3-4E15-4515-9623-0EF72ACD03A9}.Debug|Any CPU.ActiveCfg = Debug|Any CPU
		{0C359DA3-4E15-4515-9623-0EF72ACD03A9}.Debug|Any CPU.Build.0 = Debug|Any CPU
		{0C359DA3-4E15-4515-9623-0EF72ACD03A9}.Release|Any CPU.ActiveCfg = Release|Any CPU
		{0C359DA3-4E15-4515-9623-0EF72ACD03A9}.Release|Any CPU.Build.0 = Release|Any CPU
		{2F32EA08-8D48-476E-9079-802F488EBCB3}.Debug|Any CPU.ActiveCfg = Debug|Any CPU
		{2F32EA08-8D48-476E-9079-802F488EBCB3}.Debug|Any CPU.Build.0 = Debug|Any CPU
		{2F32EA08-8D48-476E-9079-802F488EBCB3}.Release|Any CPU.ActiveCfg = Release|Any CPU
		{2F32EA08-8D48-476E-9079-802F488EBCB3}.Release|Any CPU.Build.0 = Release|Any CPU
		{2A56DB7D-FBF6-4985-9B0A-1EA9E1277D25}.Debug|Any CPU.ActiveCfg = Debug|Any CPU
		{2A56DB7D-FBF6-4985-9B0A-1EA9E1277D25}.Debug|Any CPU.Build.0 = Debug|Any CPU
		{2A56DB7D-FBF6-4985-9B0A-1EA9E1277D25}.Release|Any CPU.ActiveCfg = Release|Any CPU
		{2A56DB7D-FBF6-4985-9B0A-1EA9E1277D25}.Release|Any CPU.Build.0 = Release|Any CPU
		{D2C5F5BE-6117-4288-82B7-CE2D6CDD013D}.Debug|Any CPU.ActiveCfg = Debug|Any CPU
		{D2C5F5BE-6117-4288-82B7-CE2D6CDD013D}.Debug|Any CPU.Build.0 = Debug|Any CPU
		{D2C5F5BE-6117-4288-82B7-CE2D6CDD013D}.Release|Any CPU.ActiveCfg = Release|Any CPU
		{D2C5F5BE-6117-4288-82B7-CE2D6CDD013D}.Release|Any CPU.Build.0 = Release|Any CPU
		{BB282D6D-36A7-40BC-A6F3-11EBDE2641A9}.Debug|Any CPU.ActiveCfg = Debug|Any CPU
		{BB282D6D-36A7-40BC-A6F3-11EBDE2641A9}.Debug|Any CPU.Build.0 = Debug|Any CPU
		{BB282D6D-36A7-40BC-A6F3-11EBDE2641A9}.Release|Any CPU.ActiveCfg = Release|Any CPU
		{BB282D6D-36A7-40BC-A6F3-11EBDE2641A9}.Release|Any CPU.Build.0 = Release|Any CPU
	EndGlobalSection
	GlobalSection(SolutionProperties) = preSolution
		HideSolutionNode = FALSE
	EndGlobalSection
	GlobalSection(ExtensibilityGlobals) = postSolution
		SolutionGuid = {D243919B-B404-45B5-B88D-8E10DFC1F277}
	EndGlobalSection
EndGlobal
